
Microsoft Visual Studio Solution File, Format Version 12.00
# Visual Studio 15
Project("{FAE04EC0-301F-11D3-BF4B-00C04F79EFBC}") = "Pokemon", "Assembly-CSharp.csproj", "{443AEE82-87C1-8211-D5BC-E3CA1CC4F237}"
EndProject
Project("{FAE04EC0-301F-11D3-BF4B-00C04F79EFBC}") = "Pokemon", "Assembly-CSharp-Editor.csproj", "{31DD98F8-5834-FE37-0160-C6D35F6D6408}"
EndProject
Global
	GlobalSection(SolutionConfigurationPlatforms) = preSolution
		Debug|Any CPU = Debug|Any CPU
		Release|Any CPU = Release|Any CPU
	EndGlobalSection
	GlobalSection(ProjectConfigurationPlatforms) = postSolution
		{443AEE82-87C1-8211-D5BC-E3CA1CC4F237}.Debug|Any CPU.ActiveCfg = Debug|Any CPU
		{443AEE82-87C1-8211-D5BC-E3CA1CC4F237}.Debug|Any CPU.Build.0 = Debug|Any CPU
		{443AEE82-87C1-8211-D5BC-E3CA1CC4F237}.Release|Any CPU.ActiveCfg = Release|Any CPU
		{443AEE82-87C1-8211-D5BC-E3CA1CC4F237}.Release|Any CPU.Build.0 = Release|Any CPU
		{31DD98F8-5834-FE37-0160-C6D35F6D6408}.Debug|Any CPU.ActiveCfg = Debug|Any CPU
		{31DD98F8-5834-FE37-0160-C6D35F6D6408}.Debug|Any CPU.Build.0 = Debug|Any CPU
		{31DD98F8-5834-FE37-0160-C6D35F6D6408}.Release|Any CPU.ActiveCfg = Release|Any CPU
		{31DD98F8-5834-FE37-0160-C6D35F6D6408}.Release|Any CPU.Build.0 = Release|Any CPU
	EndGlobalSection
	GlobalSection(SolutionProperties) = preSolution
		HideSolutionNode = FALSE
	EndGlobalSection
EndGlobal
